{
  "version": 4,
  "terraform_version": "0.12.21",
  "serial": 24,
  "lineage": "264f8c0c-f813-1549-2156-6ef0274c9df6",
  "outputs": {
    "app_external_ip": {
      "value": "35.205.170.3",
      "type": "string"
    }
  },
  "resources": [
    {
      "mode": "managed",
      "type": "google_compute_firewall",
      "name": "firewall_puma",
      "provider": "provider.google",
      "instances": [
        {
          "schema_version": 1,
          "attributes": {
            "allow": [
              {
                "ports": [
                  "9292"
                ],
                "protocol": "tcp"
              }
            ],
            "creation_timestamp": "2020-03-02T05:01:51.979-08:00",
            "deny": [],
            "description": "",
            "destination_ranges": [],
            "direction": "INGRESS",
            "disabled": false,
            "id": "allow-puma-default",
            "name": "allow-puma-default",
            "network": "https://www.googleapis.com/compute/v1/projects/encouraging-art-269507/global/networks/default",
            "priority": 1000,
            "project": "encouraging-art-269507",
            "self_link": "https://www.googleapis.com/compute/v1/projects/encouraging-art-269507/global/firewalls/allow-puma-default",
            "source_ranges": [
              "0.0.0.0/0"
            ],
            "source_service_accounts": [],
            "source_tags": [],
            "target_service_accounts": [],
            "target_tags": [
              "reddit-app"
            ],
            "timeouts": null
          },
          "private": "eyJlMmJmYjczMC1lY2FhLTExZTYtOGY4OC0zNDM2M2JjN2M0YzAiOnsiY3JlYXRlIjoyNDAwMDAwMDAwMDAsImRlbGV0ZSI6MjQwMDAwMDAwMDAwLCJ1cGRhdGUiOjI0MDAwMDAwMDAwMH0sInNjaGVtYV92ZXJzaW9uIjoiMSJ9"
        }
      ]
    },
    {
      "mode": "managed",
      "type": "google_compute_instance",
      "name": "app",
      "provider": "provider.google",
      "instances": [
        {
          "status": "tainted",
          "schema_version": 6,
          "attributes": {
            "allow_stopping_for_update": null,
            "attached_disk": [],
            "boot_disk": [
              {
                "auto_delete": true,
                "device_name": "persistent-disk-0",
                "disk_encryption_key_raw": "",
                "disk_encryption_key_sha256": "",
                "initialize_params": [
                  {
                    "image": "https://www.googleapis.com/compute/v1/projects/encouraging-art-269507/global/images/reddit-base-1583137359",
                    "labels": {},
                    "size": 10,
                    "type": "pd-standard"
                  }
                ],
                "kms_key_self_link": "",
                "mode": "READ_WRITE",
                "source": "https://www.googleapis.com/compute/v1/projects/encouraging-art-269507/zones/europe-west1-b/disks/reddit-base-1583137359"
              }
            ],
            "can_ip_forward": false,
            "cpu_platform": "Intel Haswell",
            "deletion_protection": false,
            "description": "",
            "disk": [],
            "guest_accelerator": [],
            "hostname": "",
            "id": "reddit-base-1583137359",
            "instance_id": "7016819314954122468",
            "label_fingerprint": "42WmSpB8rSM=",
            "labels": null,
            "machine_type": "g1-small",
            "metadata": {
              "ssh-keys": "appuser:ssh-rsa AAAAB3NzaC1yc2EAAAADAQABAAABAQDFMbOgzlHRcl/qYllgBEeumWzMJdznXHFy5y821ApRnRIJRDjUETjAjh/2ZRf63ODvC8QLfoDi1ewVNbW2Y/FPlc4nd3kbfzokHCtrvkSjWBlfJ2Z0WHoxRoLo7F97WuksQTBH1ey3LZiveqyt8fU8LcgQb2CvlqVezzDFB7UZ+E+XiybeWDjpwmIfoCQo/ON1/HMZwjoacoUxJlNt1aIO2fq3AcqmzEwrhkzl9mRy5Mnt4414BNpNAnepd+0Inngt+RAZnP1nBIL5UGUFHwg8qUwWUueg5qG1OtQu+8ROZhqe0gSIjaRi9l/oXeRQoF7AiI9/N+/xhqhQPvis6bYp appuser\n"
            },
            "metadata_fingerprint": "EpLRZ_1UjhI=",
            "metadata_startup_script": "",
            "min_cpu_platform": "",
            "name": "reddit-base-1583137359",
            "network_interface": [
              {
                "access_config": [
                  {
                    "assigned_nat_ip": "",
                    "nat_ip": "35.240.114.41",
                    "network_tier": "PREMIUM",
                    "public_ptr_domain_name": ""
                  }
                ],
                "address": "",
                "alias_ip_range": [],
                "name": "nic0",
                "network": "https://www.googleapis.com/compute/v1/projects/encouraging-art-269507/global/networks/default",
                "network_ip": "10.132.0.10",
                "subnetwork": "https://www.googleapis.com/compute/v1/projects/encouraging-art-269507/regions/europe-west1/subnetworks/default",
                "subnetwork_project": "encouraging-art-269507"
              }
            ],
            "project": "encouraging-art-269507",
            "scheduling": [
              {
                "automatic_restart": true,
                "node_affinities": [],
                "on_host_maintenance": "MIGRATE",
                "preemptible": false
              }
            ],
            "scratch_disk": [],
            "self_link": "https://www.googleapis.com/compute/v1/projects/encouraging-art-269507/zones/europe-west1-b/instances/reddit-base-1583137359",
            "service_account": [],
            "shielded_instance_config": [
              {
                "enable_integrity_monitoring": true,
                "enable_secure_boot": false,
                "enable_vtpm": true
              }
            ],
            "tags": [
              "reddit-app"
            ],
            "tags_fingerprint": "M-ggixIz-AU=",
            "timeouts": null,
            "zone": "europe-west1-b"
          },
          "private": "eyJlMmJmYjczMC1lY2FhLTExZTYtOGY4OC0zNDM2M2JjN2M0YzAiOnsiY3JlYXRlIjoxMjAwMDAwMDAwMDAwLCJkZWxldGUiOjEyMDAwMDAwMDAwMDAsInVwZGF0ZSI6MTIwMDAwMDAwMDAwMH0sInNjaGVtYV92ZXJzaW9uIjoiNiJ9"
        }
      ]
    }
  ]
}
