{
  "version": 4,
  "terraform_version": "0.12.21",
  "serial": 144,
  "lineage": "f9b5a1de-e64d-58fd-81e7-1896edb6a00c",
  "outputs": {},
  "resources": [
    {
      "mode": "managed",
      "type": "google_compute_firewall",
      "name": "firewall_ssh",
      "provider": "provider.google",
      "instances": [
        {
          "schema_version": 1,
          "attributes": {
            "allow": [
              {
                "ports": [
                  "22"
                ],
                "protocol": "tcp"
              }
            ],
            "creation_timestamp": "2020-03-03T07:05:11.719-08:00",
            "deny": [],
            "description": "",
            "destination_ranges": [],
            "direction": "INGRESS",
            "disabled": false,
            "id": "default-allow-ssh",
            "name": "default-allow-ssh",
            "network": "https://www.googleapis.com/compute/v1/projects/encouraging-art-269507/global/networks/default",
            "priority": 1000,
            "project": "encouraging-art-269507",
            "self_link": "https://www.googleapis.com/compute/v1/projects/encouraging-art-269507/global/firewalls/default-allow-ssh",
            "source_ranges": [
              "0.0.0.0/0"
            ],
            "source_service_accounts": null,
            "source_tags": null,
            "target_service_accounts": null,
            "target_tags": null,
            "timeouts": null
          },
          "private": "eyJlMmJmYjczMC1lY2FhLTExZTYtOGY4OC0zNDM2M2JjN2M0YzAiOnsiY3JlYXRlIjoyNDAwMDAwMDAwMDAsImRlbGV0ZSI6MjQwMDAwMDAwMDAwLCJ1cGRhdGUiOjI0MDAwMDAwMDAwMH0sInNjaGVtYV92ZXJzaW9uIjoiMSJ9"
        }
      ]
    },
    {
      "module": "module.storage-bucket",
      "mode": "managed",
      "type": "google_storage_bucket",
      "name": "default",
      "each": "list",
      "provider": "provider.google",
      "instances": []
    },
    {
      "module": "module.storage-bucket",
      "mode": "managed",
      "type": "google_storage_bucket_acl",
      "name": "default",
      "each": "list",
      "provider": "provider.google",
      "instances": []
    }
  ]
}
